{
  "lockfile_version": "1",
  "packages": {
    "github:Cj-bc/flix.nix#flix_0_75_3": {
      "last_modified": "2026-08-16T15:53:40Z",
      "resolved": "github:Cj-bc/flix.nix/b7b781ee8a277e26c7dab2879b3c46d05319b79b?lastModified=1786895620#flix_0_75_3"
    },
    "github:NixOS/nixpkgs/nixpkgs-unstable": {
      "last_modified": "2026-07-20T13:48:30Z",
      "resolved": "github:NixOS/nixpkgs/421eebfd0ec7bccd4abe826ce62d7e6e83129493?lastModified=1784555310"
    },
    "gnumake@latest": {
      "last_modified": "2026-07-23T05:10:05Z",
      "resolved": "github:NixOS/nixpkgs/7525d999cd850b9a488817abc89c75dc733acf17#gnumake",
      "source": "devbox-search",
      "version": "4.4.1",
      "systems": {
        "aarch64-darwin": {
          "outputs": [
            {
              "name": "out",
              "path": "/nix/store/7f7x81x6vb8kva42skn921d3ga2w0qap-gnumake-4.4.1",
              "default": true
            },
            {
              "name": "man",
              "path": "/nix/store/byj13qf46ib7xk4zfvk3k5w8r34z9mf2-gnumake-4.4.1-man",
              "default": true
            },
            {
              "name": "info",
              "path": "/nix/store/0ncajy1b1wgyy5jxm6fxlm7wbblsvc05-gnumake-4.4.1-info"
            },
            {
              "name": "doc",
              "path": "/nix/store/rdwb8d7iv8j5vp5pdx9lbqjr6wk0ydji-gnumake-4.4.1-doc"
            }
          ],
          "store_path": "/nix/store/7f7x81x6vb8kva42skn921d3ga2w0qap-gnumake-4.4.1"
        },
        "aarch64-linux": {
          "outputs": [
            {
              "name": "out",
              "path": "/nix/store/qdh1xpknc0ys6m46gi4p2qcyyryc8pv0-gnumake-4.4.1",
              "default": true
            },
            {
              "name": "man",
              "path": "/nix/store/7qbsp83ianzwbhzsgwx8yv832n4a1kkx-gnumake-4.4.1-man",
              "default": true
            },
            {
              "name": "debug",
              "path": "/nix/store/m4d49zx7zfgv1sdd7zg5zzsinaccyfk6-gnumake-4.4.1-debug"
            },
            {
              "name": "doc",
              "path": "/nix/store/p7p13ajir7nw802nf7rvdhray70l4lnj-gnumake-4.4.1-doc"
            },
            {
              "name": "info",
              "path": "/nix/store/0b0bys1xj58mjnwk2iicqa2sv55z4ac2-gnumake-4.4.1-info"
            }
          ],
          "store_path": "/nix/store/qdh1xpknc0ys6m46gi4p2qcyyryc8pv0-gnumake-4.4.1"
        },
        "x86_64-darwin": {
          "outputs": [
            {
              "name": "out",
              "path": "/nix/store/0bg5b97b9hbhz8907bfcrch1i116xppa-gnumake-4.4.1",
              "default": true
            },
            {
              "name": "man",
              "path": "/nix/store/wb4yn3d7vmi1hr4f8pz38rjvcl7f70ma-gnumake-4.4.1-man",
              "default": true
            },
            {
              "name": "doc",
              "path": "/nix/store/3b9cjf16jx4ncpp3b4k6m8q01nxsrw1n-gnumake-4.4.1-doc"
            },
            {
              "name": "info",
              "path": "/nix/store/rriz5p4q8a6sca7sw3p3js1m5dl09ia8-gnumake-4.4.1-info"
            }
          ],
          "store_path": "/nix/store/0bg5b97b9hbhz8907bfcrch1i116xppa-gnumake-4.4.1"
        },
        "x86_64-linux": {
          "outputs": [
            {
              "name": "out",
              "path": "/nix/store/66x1qiph890315003f27a15xsqax6lwf-gnumake-4.4.1",
              "default": true
            },
            {
              "name": "man",
              "path": "/nix/store/ndm1zqm8a3bvbh3ybhnncda9i27ip13f-gnumake-4.4.1-man",
              "default": true
            },
            {
              "name": "debug",
              "path": "/nix/store/gq4akpk5dfabh9q7bdnd95r1g8hv9qgs-gnumake-4.4.1-debug"
            },
            {
              "name": "doc",
              "path": "/nix/store/bdv51k4qj1vvkw0knk0p6kv4zjs6vzqy-gnumake-4.4.1-doc"
            },
            {
              "name": "info",
              "path": "/nix/store/vznzsnngs0fydqvrdb71xmfry1zxz0h2-gnumake-4.4.1-info"
            }
          ],
          "store_path": "/nix/store/66x1qiph890315003f27a15xsqax6lwf-gnumake-4.4.1"
        }
      }
    },
    "jdk@21": {
      "last_modified": "2025-10-22T20:59:19Z",
      "resolved": "github:NixOS/nixpkgs/01b6809f7f9d1183a2b3e081f0a1e6f8f415cb09#jdk",
      "source": "devbox-search",
      "version": "21.0.9+8",
      "systems": {
        "aarch64-linux": {
          "outputs": [
            {
              "name": "out",
              "path": "/nix/store/gxjm3qjq9kyvi5hv7r4s8ngbkg1d94df-openjdk-21.0.9+8",
              "default": true
            },
            {
              "name": "debug",
              "path": "/nix/store/sz9izpfkgi9nw3s9fz8vik9qn01vkx4d-openjdk-21.0.9+8-debug"
            }
          ],
          "store_path": "/nix/store/gxjm3qjq9kyvi5hv7r4s8ngbkg1d94df-openjdk-21.0.9+8"
        },
        "x86_64-linux": {
          "outputs": [
            {
              "name": "out",
              "path": "/nix/store/l5z1hqq6l223379w6f25fibniz16g2s9-openjdk-21.0.9+8",
              "default": true
            },
            {
              "name": "debug",
              "path": "/nix/store/pgkj2381fcdrbx9w85h162cigdgyn7j2-openjdk-21.0.9+8-debug"
            }
          ],
          "store_path": "/nix/store/l5z1hqq6l223379w6f25fibniz16g2s9-openjdk-21.0.9+8"
        }
      }
    }
  }
}
