{
  "lockfile_version": "1",
  "packages": {
    "github:Cj-bc/flix.nix#flix_0_75_1": {
      "last_modified": "2026-07-29T15:55:38Z",
      "resolved": "github:Cj-bc/flix.nix/d973612e0866a626be88d28f3ff270ba49b11e50?lastModified=1785340538#flix_0_75_1"
    },
    "github:NixOS/nixpkgs/nixpkgs-unstable": {
      "last_modified": "2026-07-20T13:48:30Z",
      "resolved": "github:NixOS/nixpkgs/421eebfd0ec7bccd4abe826ce62d7e6e83129493?lastModified=1784555310"
    },
    "gnumake@latest": {
      "last_modified": "2026-08-01T16:34:20Z",
      "resolved": "github:NixOS/nixpkgs/a5cbcfe954791221bfffe2307f7d1a1bf61a871e#gnumake",
      "source": "devbox-search",
      "version": "4.4.1",
      "systems": {
        "aarch64-darwin": {
          "outputs": [
            {
              "name": "out",
              "path": "/nix/store/rhw2r5z1rbp9msj03kf8i4rq1hygnm0f-gnumake-4.4.1",
              "default": true
            },
            {
              "name": "man",
              "path": "/nix/store/av26gjivcsjdhq68pg6wb1l9f0ixakbv-gnumake-4.4.1-man",
              "default": true
            },
            {
              "name": "doc",
              "path": "/nix/store/qpb2zaah86v6z1b0f40y90m6kf42hy3i-gnumake-4.4.1-doc"
            },
            {
              "name": "info",
              "path": "/nix/store/dw5r16j2bsfpznbnzk3bbgxi3czy0rvn-gnumake-4.4.1-info"
            }
          ],
          "store_path": "/nix/store/rhw2r5z1rbp9msj03kf8i4rq1hygnm0f-gnumake-4.4.1"
        },
        "aarch64-linux": {
          "outputs": [
            {
              "name": "out",
              "path": "/nix/store/wadg45zgfyi9a4dcm5fy3qvlas76cr2z-gnumake-4.4.1",
              "default": true
            },
            {
              "name": "man",
              "path": "/nix/store/fa0k4ps7a35yxf902shfzz8gmd8a9x2g-gnumake-4.4.1-man",
              "default": true
            },
            {
              "name": "debug",
              "path": "/nix/store/fc4qn0vswxpj2qmprk0p0nvill18z7hb-gnumake-4.4.1-debug"
            },
            {
              "name": "doc",
              "path": "/nix/store/ffz5ypa2rwi78c6c9syncnpwhhdhaqr1-gnumake-4.4.1-doc"
            },
            {
              "name": "info",
              "path": "/nix/store/kj5yr5dpvzij2x83ig9y0bp3dbvgsyic-gnumake-4.4.1-info"
            }
          ],
          "store_path": "/nix/store/wadg45zgfyi9a4dcm5fy3qvlas76cr2z-gnumake-4.4.1"
        },
        "x86_64-darwin": {
          "outputs": [
            {
              "name": "out",
              "path": "/nix/store/0bg5b97b9hbhz8907bfcrch1i116xppa-gnumake-4.4.1",
              "default": true
            },
            {
              "name": "man",
              "path": "/nix/store/wb4yn3d7vmi1hr4f8pz38rjvcl7f70ma-gnumake-4.4.1-man",
              "default": true
            },
            {
              "name": "doc",
              "path": "/nix/store/3b9cjf16jx4ncpp3b4k6m8q01nxsrw1n-gnumake-4.4.1-doc"
            },
            {
              "name": "info",
              "path": "/nix/store/rriz5p4q8a6sca7sw3p3js1m5dl09ia8-gnumake-4.4.1-info"
            }
          ],
          "store_path": "/nix/store/0bg5b97b9hbhz8907bfcrch1i116xppa-gnumake-4.4.1"
        },
        "x86_64-linux": {
          "outputs": [
            {
              "name": "out",
              "path": "/nix/store/r60jpv4jr5h50f0rj1k5adlwic2vgldn-gnumake-4.4.1",
              "default": true
            },
            {
              "name": "man",
              "path": "/nix/store/8ayxbdiddzn28damz1f9gb0asx1j409b-gnumake-4.4.1-man",
              "default": true
            },
            {
              "name": "debug",
              "path": "/nix/store/1a2srjw3r7sif10sh4zl3k0zin0f09xm-gnumake-4.4.1-debug"
            },
            {
              "name": "doc",
              "path": "/nix/store/15y7ym18qm8dk03b7fnpc9bvccccm33q-gnumake-4.4.1-doc"
            },
            {
              "name": "info",
              "path": "/nix/store/p18m4dcs9wylvddhprcczaaqqns2sb1d-gnumake-4.4.1-info"
            }
          ],
          "store_path": "/nix/store/r60jpv4jr5h50f0rj1k5adlwic2vgldn-gnumake-4.4.1"
        }
      }
    },
    "jdk@21": {
      "last_modified": "2025-10-22T20:59:19Z",
      "resolved": "github:NixOS/nixpkgs/01b6809f7f9d1183a2b3e081f0a1e6f8f415cb09#jdk",
      "source": "devbox-search",
      "version": "21.0.9+8",
      "systems": {
        "aarch64-linux": {
          "outputs": [
            {
              "name": "out",
              "path": "/nix/store/gxjm3qjq9kyvi5hv7r4s8ngbkg1d94df-openjdk-21.0.9+8",
              "default": true
            },
            {
              "name": "debug",
              "path": "/nix/store/sz9izpfkgi9nw3s9fz8vik9qn01vkx4d-openjdk-21.0.9+8-debug"
            }
          ],
          "store_path": "/nix/store/gxjm3qjq9kyvi5hv7r4s8ngbkg1d94df-openjdk-21.0.9+8"
        },
        "x86_64-linux": {
          "outputs": [
            {
              "name": "out",
              "path": "/nix/store/l5z1hqq6l223379w6f25fibniz16g2s9-openjdk-21.0.9+8",
              "default": true
            },
            {
              "name": "debug",
              "path": "/nix/store/pgkj2381fcdrbx9w85h162cigdgyn7j2-openjdk-21.0.9+8-debug"
            }
          ],
          "store_path": "/nix/store/l5z1hqq6l223379w6f25fibniz16g2s9-openjdk-21.0.9+8"
        }
      }
    }
  }
}
